
Microsoft Visual Studio Solution File, Format Version 12.00
# Visual Studio 2012
Project("{FAE04EC0-301F-11D3-BF4B-00C04F79EFBC}") = "Qonqr Conqueror", "Qonqr Conqueror\Qonqr Conqueror.csproj", "{0BD69A94-0ADD-4966-B804-0099AAE70634}"
EndProject
Global
	GlobalSection(TeamFoundationVersionControl) = preSolution
		SccNumberOfProjects = 2
		SccEnterpriseProvider = {4CA58AB2-18FA-4F8D-95D4-32DDF27D184C}
		SccTeamFoundationServer = https://qonqueror.tfspreview.com/defaultcollection
		SccLocalPath0 = .
		SccProjectUniqueName1 = Qonqr\u0020Conqueror\\Qonqr\u0020Conqueror.csproj
		SccProjectName1 = Qonqr\u0020Conqueror
		SccLocalPath1 = Qonqr\u0020Conqueror
	EndGlobalSection
	GlobalSection(SolutionConfigurationPlatforms) = preSolution
		Debug|Any CPU = Debug|Any CPU
		Release|Any CPU = Release|Any CPU
	EndGlobalSection
	GlobalSection(ProjectConfigurationPlatforms) = postSolution
		{0BD69A94-0ADD-4966-B804-0099AAE70634}.Debug|Any CPU.ActiveCfg = Debug|Any CPU
		{0BD69A94-0ADD-4966-B804-0099AAE70634}.Debug|Any CPU.Build.0 = Debug|Any CPU
		{0BD69A94-0ADD-4966-B804-0099AAE70634}.Release|Any CPU.ActiveCfg = Release|Any CPU
		{0BD69A94-0ADD-4966-B804-0099AAE70634}.Release|Any CPU.Build.0 = Release|Any CPU
	EndGlobalSection
	GlobalSection(SolutionProperties) = preSolution
		HideSolutionNode = FALSE
	EndGlobalSection
EndGlobal
