Microsoft Visual Studio Solution File, Format Version 12.00
# Visual Studio Version 17
VisualStudioVersion = 17.0.31903.59
MinimumVisualStudioVersion = 10.0.40219.1
Project("{FAE04EC0-301F-11D3-BF4B-00C04F79EFBC}") = "QonqrConqueror", "QonqrConqueror\QonqrConqueror.csproj", "{0BD69A94-0ADD-4966-B804-0099AAE70634}"
EndProject
Global
	GlobalSection(SolutionConfigurationPlatforms) = preSolution
		Debug|Any CPU = Debug|Any CPU
		Release|Any CPU = Release|Any CPU
	EndGlobalSection
	GlobalSection(ProjectConfigurationPlatforms) = postSolution
		{0BD69A94-0ADD-4966-B804-0099AAE70634}.Debug|Any CPU.ActiveCfg = Debug|Any CPU
		{0BD69A94-0ADD-4966-B804-0099AAE70634}.Debug|Any CPU.Build.0 = Debug|Any CPU
		{0BD69A94-0ADD-4966-B804-0099AAE70634}.Release|Any CPU.ActiveCfg = Release|Any CPU
		{0BD69A94-0ADD-4966-B804-0099AAE70634}.Release|Any CPU.Build.0 = Release|Any CPU
	EndGlobalSection
	GlobalSection(SolutionProperties) = preSolution
		HideSolutionNode = FALSE
	EndGlobalSection
EndGlobal
